
Microsoft Visual Studio Solution File, Format Version 12.00
# Visual Studio Version 17
VisualStudioVersion = 17.3.32819.101
MinimumVisualStudioVersion = 10.0.40219.1
Project("{FAE04EC0-301F-11D3-BF4B-00C04F79EFBC}") = "Blog.Web", "Blog.Web\Blog.Web.csproj", "{1372C928-3164-4774-821F-9B498813A5E6}"
EndProject
Project("{FAE04EC0-301F-11D3-BF4B-00C04F79EFBC}") = "Blog.Entity", "Blog.Entity\Blog.Entity.csproj", "{668C1548-8CC8-4BFA-BE1F-60ED7911C434}"
EndProject
Project("{FAE04EC0-301F-11D3-BF4B-00C04F79EFBC}") = "Blog.Data", "Blog.Data\Blog.Data.csproj", "{57AB9F31-4D3F-4531-AAC8-9225E7F9342F}"
EndProject
Project("{FAE04EC0-301F-11D3-BF4B-00C04F79EFBC}") = "Blog.Service", "Blog.Service\Blog.Service.csproj", "{ED043E66-695E-47A9-988C-486399B8256A}"
EndProject
Project("{FAE04EC0-301F-11D3-BF4B-00C04F79EFBC}") = "Blog.Core", "Blog.Core\Blog.Core.csproj", "{CEE5B9C8-FBAC-4F06-9E0C-C6B69EC80DF3}"
EndProject
Global
	GlobalSection(SolutionConfigurationPlatforms) = preSolution
		Debug|Any CPU = Debug|Any CPU
		Release|Any CPU = Release|Any CPU
	EndGlobalSection
	GlobalSection(ProjectConfigurationPlatforms) = postSolution
		{1372C928-3164-4774-821F-9B498813A5E6}.Debug|Any CPU.ActiveCfg = Debug|Any CPU
		{1372C928-3164-4774-821F-9B498813A5E6}.Debug|Any CPU.Build.0 = Debug|Any CPU
		{1372C928-3164-4774-821F-9B498813A5E6}.Release|Any CPU.ActiveCfg = Release|Any CPU
		{1372C928-3164-4774-821F-9B498813A5E6}.Release|Any CPU.Build.0 = Release|Any CPU
		{668C1548-8CC8-4BFA-BE1F-60ED7911C434}.Debug|Any CPU.ActiveCfg = Debug|Any CPU
		{668C1548-8CC8-4BFA-BE1F-60ED7911C434}.Debug|Any CPU.Build.0 = Debug|Any CPU
		{668C1548-8CC8-4BFA-BE1F-60ED7911C434}.Release|Any CPU.ActiveCfg = Release|Any CPU
		{668C1548-8CC8-4BFA-BE1F-60ED7911C434}.Release|Any CPU.Build.0 = Release|Any CPU
		{57AB9F31-4D3F-4531-AAC8-9225E7F9342F}.Debug|Any CPU.ActiveCfg = Debug|Any CPU
		{57AB9F31-4D3F-4531-AAC8-9225E7F9342F}.Debug|Any CPU.Build.0 = Debug|Any CPU
		{57AB9F31-4D3F-4531-AAC8-9225E7F9342F}.Release|Any CPU.ActiveCfg = Release|Any CPU
		{57AB9F31-4D3F-4531-AAC8-9225E7F9342F}.Release|Any CPU.Build.0 = Release|Any CPU
		{ED043E66-695E-47A9-988C-486399B8256A}.Debug|Any CPU.ActiveCfg = Debug|Any CPU
		{ED043E66-695E-47A9-988C-486399B8256A}.Debug|Any CPU.Build.0 = Debug|Any CPU
		{ED043E66-695E-47A9-988C-486399B8256A}.Release|Any CPU.ActiveCfg = Release|Any CPU
		{ED043E66-695E-47A9-988C-486399B8256A}.Release|Any CPU.Build.0 = Release|Any CPU
		{CEE5B9C8-FBAC-4F06-9E0C-C6B69EC80DF3}.Debug|Any CPU.ActiveCfg = Debug|Any CPU
		{CEE5B9C8-FBAC-4F06-9E0C-C6B69EC80DF3}.Debug|Any CPU.Build.0 = Debug|Any CPU
		{CEE5B9C8-FBAC-4F06-9E0C-C6B69EC80DF3}.Release|Any CPU.ActiveCfg = Release|Any CPU
		{CEE5B9C8-FBAC-4F06-9E0C-C6B69EC80DF3}.Release|Any CPU.Build.0 = Release|Any CPU
	EndGlobalSection
	GlobalSection(SolutionProperties) = preSolution
		HideSolutionNode = FALSE
	EndGlobalSection
	GlobalSection(ExtensibilityGlobals) = postSolution
		SolutionGuid = {41278C37-12C7-433C-87C1-C19DC9AF5540}
	EndGlobalSection
EndGlobal
